
Microsoft Visual Studio Solution File, Format Version 12.00
# Visual Studio Version 17
VisualStudioVersion = 17.8.34322.80
MinimumVisualStudioVersion = 10.0.40219.1
Project("{FAE04EC0-301F-11D3-BF4B-00C04F79EFBC}") = "SistemaComercio", "SistemaComercio\SistemaComercio.csproj", "{085FAA3A-F3EF-4E6A-AFEA-5A3C2EE2D01E}"
EndProject
Global
	GlobalSection(SolutionConfigurationPlatforms) = preSolution
		Debug|Any CPU = Debug|Any CPU
		Release|Any CPU = Release|Any CPU
	EndGlobalSection
	GlobalSection(ProjectConfigurationPlatforms) = postSolution
		{085FAA3A-F3EF-4E6A-AFEA-5A3C2EE2D01E}.Debug|Any CPU.ActiveCfg = Debug|Any CPU
		{085FAA3A-F3EF-4E6A-AFEA-5A3C2EE2D01E}.Debug|Any CPU.Build.0 = Debug|Any CPU
		{085FAA3A-F3EF-4E6A-AFEA-5A3C2EE2D01E}.Release|Any CPU.ActiveCfg = Release|Any CPU
		{085FAA3A-F3EF-4E6A-AFEA-5A3C2EE2D01E}.Release|Any CPU.Build.0 = Release|Any CPU
	EndGlobalSection
	GlobalSection(SolutionProperties) = preSolution
		HideSolutionNode = FALSE
	EndGlobalSection
	GlobalSection(ExtensibilityGlobals) = postSolution
		SolutionGuid = {0FDB5A47-6D13-465A-B4FD-9D36342751F4}
	EndGlobalSection
EndGlobal
